# This file is automatically @generated by Cargo.
# It is not intended for manual editing.
version = 3

[[package]]
name = "common"
version = "0.1.0"

[[package]]
name = "parser"
version = "0.1.0"
dependencies = [
 "common",
 "tokenizer",
]

[[package]]
name = "reverse"
version = "0.1.0"
dependencies = [
 "common",
 "parser",
 "tokenizer",
 "vm",
]

[[package]]
name = "tests"
version = "0.1.0"
dependencies = [
 "reverse",
]

[[package]]
name = "tokenizer"
version = "0.1.0"
dependencies = [
 "common",
]

[[package]]
name = "vm"
version = "0.1.0"
dependencies = [
 "common",
]
